
Microsoft Visual Studio Solution File, Format Version 12.00
# Visual Studio 15
VisualStudioVersion = 15.0.28307.572
MinimumVisualStudioVersion = 10.0.40219.1
Project("{FAE04EC0-301F-11D3-BF4B-00C04F79EFBC}") = "Dosya_Sifreleme_Imzalama", "Dosya_Sifreleme_Imzalama\Dosya_Sifreleme_Imzalama.csproj", "{621A9D9A-E106-4503-8BE3-DDD7F21CF062}"
EndProject
Global
	GlobalSection(SolutionConfigurationPlatforms) = preSolution
		Debug|Any CPU = Debug|Any CPU
		Release|Any CPU = Release|Any CPU
	EndGlobalSection
	GlobalSection(ProjectConfigurationPlatforms) = postSolution
		{621A9D9A-E106-4503-8BE3-DDD7F21CF062}.Debug|Any CPU.ActiveCfg = Debug|Any CPU
		{621A9D9A-E106-4503-8BE3-DDD7F21CF062}.Debug|Any CPU.Build.0 = Debug|Any CPU
		{621A9D9A-E106-4503-8BE3-DDD7F21CF062}.Release|Any CPU.ActiveCfg = Release|Any CPU
		{621A9D9A-E106-4503-8BE3-DDD7F21CF062}.Release|Any CPU.Build.0 = Release|Any CPU
	EndGlobalSection
	GlobalSection(SolutionProperties) = preSolution
		HideSolutionNode = FALSE
	EndGlobalSection
	GlobalSection(ExtensibilityGlobals) = postSolution
		SolutionGuid = {A3951A1E-17D7-4983-BD4A-02B2F2FDB1C6}
	EndGlobalSection
EndGlobal
